
Microsoft Visual Studio Solution File, Format Version 12.00
# Visual Studio 14
VisualStudioVersion = 14.0.25123.0
MinimumVisualStudioVersion = 10.0.40219.1
Project("{FAE04EC0-301F-11D3-BF4B-00C04F79EFBC}") = "Abstraction", "Abstraction\Abstraction.csproj", "{7EDBB817-FC2B-40DC-9E04-FBFD467E9BE2}"
EndProject
Project("{FAE04EC0-301F-11D3-BF4B-00C04F79EFBC}") = "Implementation", "Implementation\Implementation.csproj", "{5BE64A33-18C8-4BFF-A103-F5022766BA01}"
EndProject
Project("{FAE04EC0-301F-11D3-BF4B-00C04F79EFBC}") = "Console", "Console\Console.csproj", "{D479CC76-2BB5-4798-8661-5C136AA3122D}"
EndProject
Global
	GlobalSection(SolutionConfigurationPlatforms) = preSolution
		Debug|Any CPU = Debug|Any CPU
		Release|Any CPU = Release|Any CPU
	EndGlobalSection
	GlobalSection(ProjectConfigurationPlatforms) = postSolution
		{7EDBB817-FC2B-40DC-9E04-FBFD467E9BE2}.Debug|Any CPU.ActiveCfg = Debug|Any CPU
		{7EDBB817-FC2B-40DC-9E04-FBFD467E9BE2}.Debug|Any CPU.Build.0 = Debug|Any CPU
		{7EDBB817-FC2B-40DC-9E04-FBFD467E9BE2}.Release|Any CPU.ActiveCfg = Release|Any CPU
		{7EDBB817-FC2B-40DC-9E04-FBFD467E9BE2}.Release|Any CPU.Build.0 = Release|Any CPU
		{5BE64A33-18C8-4BFF-A103-F5022766BA01}.Debug|Any CPU.ActiveCfg = Debug|Any CPU
		{5BE64A33-18C8-4BFF-A103-F5022766BA01}.Debug|Any CPU.Build.0 = Debug|Any CPU
		{5BE64A33-18C8-4BFF-A103-F5022766BA01}.Release|Any CPU.ActiveCfg = Release|Any CPU
		{5BE64A33-18C8-4BFF-A103-F5022766BA01}.Release|Any CPU.Build.0 = Release|Any CPU
		{D479CC76-2BB5-4798-8661-5C136AA3122D}.Debug|Any CPU.ActiveCfg = Debug|Any CPU
		{D479CC76-2BB5-4798-8661-5C136AA3122D}.Debug|Any CPU.Build.0 = Debug|Any CPU
		{D479CC76-2BB5-4798-8661-5C136AA3122D}.Release|Any CPU.ActiveCfg = Release|Any CPU
		{D479CC76-2BB5-4798-8661-5C136AA3122D}.Release|Any CPU.Build.0 = Release|Any CPU
	EndGlobalSection
	GlobalSection(SolutionProperties) = preSolution
		HideSolutionNode = FALSE
	EndGlobalSection
EndGlobal
